
Microsoft Visual Studio Solution File, Format Version 12.00
# Visual Studio Version 17
VisualStudioVersion = 17.13.35931.197 d17.13
MinimumVisualStudioVersion = 10.0.40219.1
Project("{FAE04EC0-301F-11D3-BF4B-00C04F79EFBC}") = "Test-giaodien", "Test-giaodien.csproj", "{1CDB6BDC-E8E6-4F38-93F5-C2FBDCC9CDA9}"
EndProject
Global
	GlobalSection(SolutionConfigurationPlatforms) = preSolution
		Debug|Any CPU = Debug|Any CPU
		Release|Any CPU = Release|Any CPU
	EndGlobalSection
	GlobalSection(ProjectConfigurationPlatforms) = postSolution
		{1CDB6BDC-E8E6-4F38-93F5-C2FBDCC9CDA9}.Debug|Any CPU.ActiveCfg = Debug|Any CPU
		{1CDB6BDC-E8E6-4F38-93F5-C2FBDCC9CDA9}.Debug|Any CPU.Build.0 = Debug|Any CPU
		{1CDB6BDC-E8E6-4F38-93F5-C2FBDCC9CDA9}.Release|Any CPU.ActiveCfg = Release|Any CPU
		{1CDB6BDC-E8E6-4F38-93F5-C2FBDCC9CDA9}.Release|Any CPU.Build.0 = Release|Any CPU
	EndGlobalSection
	GlobalSection(SolutionProperties) = preSolution
		HideSolutionNode = FALSE
	EndGlobalSection
	GlobalSection(ExtensibilityGlobals) = postSolution
		SolutionGuid = {870B1A5F-7D0A-4604-B708-4D615ACC0681}
	EndGlobalSection
EndGlobal
